{
  "name": "flow",
  "lockfileVersion": 3,
  "requires": true,
  "packages": {
    "": {
      "dependencies": {
        "@sevoniva/llm-coding-bridge": "^0.3.0"
      }
    },
    "node_modules/@sevoniva/llm-coding-bridge": {
      "version": "0.3.0",
      "resolved": "https://registry.npmjs.org/@sevoniva/llm-coding-bridge/-/llm-coding-bridge-0.3.0.tgz",
      "integrity": "sha512-g+QNUmKKVZvZjPjO3Yxn0BVgFgb/c5weOnJFgfgEc6NZhPlW+a84OkZOpD0mQMEucxt05ZYz9xDa02H436BzBA==",
      "license": "MIT",
      "bin": {
        "llm-coding-bridge": "bin/llm-coding-bridge.js"
      },
      "engines": {
        "node": ">=18"
      }
    }
  }
}
